{
  "requires": true,
  "lockfileVersion": 1,
  "dependencies": {
    "kaomos-button": {
      "version": "1.0.3",
      "resolved": "https://registry.npmjs.org/kaomos-button/-/kaomos-button-1.0.3.tgz",
      "integrity": "sha512-wI6lu7FsbEuxuB4oEW/SkLwWgB0CYJgXfsY8/eHnndL5WvqndfI1SSjbSRC8Sgfdhax4n3j/ViSPZ8sKHjocBA=="
    }
  }
}
